
Microsoft Visual Studio Solution File, Format Version 12.00
# Visual Studio Version 17
VisualStudioVersion = 17.6.33829.357
MinimumVisualStudioVersion = 10.0.40219.1
Project("{FAE04EC0-301F-11D3-BF4B-00C04F79EFBC}") = "csharp_tinhlaixuat", "csharp_tinhlaixuat.csproj", "{FFC45A2B-6965-4FCB-BF4E-F56729FA89DB}"
EndProject
Global
	GlobalSection(SolutionConfigurationPlatforms) = preSolution
		Debug|Any CPU = Debug|Any CPU
		Release|Any CPU = Release|Any CPU
	EndGlobalSection
	GlobalSection(ProjectConfigurationPlatforms) = postSolution
		{FFC45A2B-6965-4FCB-BF4E-F56729FA89DB}.Debug|Any CPU.ActiveCfg = Debug|Any CPU
		{FFC45A2B-6965-4FCB-BF4E-F56729FA89DB}.Debug|Any CPU.Build.0 = Debug|Any CPU
		{FFC45A2B-6965-4FCB-BF4E-F56729FA89DB}.Release|Any CPU.ActiveCfg = Release|Any CPU
		{FFC45A2B-6965-4FCB-BF4E-F56729FA89DB}.Release|Any CPU.Build.0 = Release|Any CPU
	EndGlobalSection
	GlobalSection(SolutionProperties) = preSolution
		HideSolutionNode = FALSE
	EndGlobalSection
	GlobalSection(ExtensibilityGlobals) = postSolution
		SolutionGuid = {C260AF4D-07E5-4C5B-B3D2-9F544D52F057}
	EndGlobalSection
EndGlobal
